
Microsoft Visual Studio Solution File, Format Version 12.00
# Visual Studio Version 16
VisualStudioVersion = 16.0.31911.196
MinimumVisualStudioVersion = 10.0.40219.1
Project("{9A19103F-16F7-4668-BE54-9A1E7A4F7556}") = "Lesson5", "Lesson5\Lesson5.csproj", "{0F0FAA86-7975-497C-A851-C130632F47F6}"
EndProject
Project("{9A19103F-16F7-4668-BE54-9A1E7A4F7556}") = "Departmetns", "Departmetns\Departmetns.csproj", "{B974F7E9-AB8C-4B07-BB9C-4BD1681DEFEC}"
EndProject
Project("{9A19103F-16F7-4668-BE54-9A1E7A4F7556}") = "WPF", "WPF\WPF.csproj", "{DDFAC30E-2AA0-411F-9853-9C61EAAB2B6D}"
EndProject
Project("{FAE04EC0-301F-11D3-BF4B-00C04F79EFBC}") = "SimpleDataBaseExample", "SimpleDataBaseExample\SimpleDataBaseExample.csproj", "{43FF9F5F-441C-4267-8AF7-352E5D883824}"
EndProject
Project("{9A19103F-16F7-4668-BE54-9A1E7A4F7556}") = "SimpleDataBaseExample_NetCore", "SimpleDataBaseExample_NetCore\SimpleDataBaseExample_NetCore.csproj", "{458CF068-44AF-4E41-B7B9-8143199AA684}"
EndProject
Project("{9A19103F-16F7-4668-BE54-9A1E7A4F7556}") = "ADONET_WPF", "ADONET_WPF\ADONET_WPF.csproj", "{8915817C-AAB6-4518-8ECD-F86A997BA697}"
EndProject
Project("{2150E333-8FDC-42A3-9474-1A3956D46DE8}") = "Lesson8", "Lesson8", "{9571A397-BB57-42E4-89C3-E77384647295}"
EndProject
Project("{FAE04EC0-301F-11D3-BF4B-00C04F79EFBC}") = "ASMXWebService", "ASMXWebService\ASMXWebService.csproj", "{0103D2D2-A3C1-4174-852F-F7053B45D55C}"
EndProject
Project("{FAE04EC0-301F-11D3-BF4B-00C04F79EFBC}") = "ASMXClient", "ASMXClient\ASMXClient.csproj", "{AAADDA27-B649-4147-A3A6-6F99C03B7706}"
	ProjectSection(ProjectDependencies) = postProject
		{0103D2D2-A3C1-4174-852F-F7053B45D55C} = {0103D2D2-A3C1-4174-852F-F7053B45D55C}
	EndProjectSection
EndProject
Project("{FAE04EC0-301F-11D3-BF4B-00C04F79EFBC}") = "BankASMXClient", "BankASMXClient\BankASMXClient.csproj", "{F8830F59-AC53-47D1-BD77-A147A383C6F0}"
EndProject
Project("{FAE04EC0-301F-11D3-BF4B-00C04F79EFBC}") = "WCF_Service", "WCF_Service\WCF_Service.csproj", "{FA777A51-C282-4E44-8C12-B31E1ED5E065}"
EndProject
Project("{FAE04EC0-301F-11D3-BF4B-00C04F79EFBC}") = "WCF_Client", "WCF_Client\WCF_Client.csproj", "{5F11EE0E-F987-4F5E-AC9B-262C42DD15F5}"
	ProjectSection(ProjectDependencies) = postProject
		{FA777A51-C282-4E44-8C12-B31E1ED5E065} = {FA777A51-C282-4E44-8C12-B31E1ED5E065}
	EndProjectSection
EndProject
Project("{FAE04EC0-301F-11D3-BF4B-00C04F79EFBC}") = "WebAPIService", "WebAPIService\WebAPIService.csproj", "{BCEF181C-48D8-4119-A939-67809E89000A}"
EndProject
Project("{FAE04EC0-301F-11D3-BF4B-00C04F79EFBC}") = "WebAPIClient", "WebAPIClient\WebAPIClient.csproj", "{B3677DE2-8123-456D-9C5C-8C3455B3C804}"
EndProject
Global
	GlobalSection(SolutionConfigurationPlatforms) = preSolution
		Debug|Any CPU = Debug|Any CPU
		Release|Any CPU = Release|Any CPU
	EndGlobalSection
	GlobalSection(ProjectConfigurationPlatforms) = postSolution
		{0F0FAA86-7975-497C-A851-C130632F47F6}.Debug|Any CPU.ActiveCfg = Debug|Any CPU
		{0F0FAA86-7975-497C-A851-C130632F47F6}.Debug|Any CPU.Build.0 = Debug|Any CPU
		{0F0FAA86-7975-497C-A851-C130632F47F6}.Release|Any CPU.ActiveCfg = Release|Any CPU
		{0F0FAA86-7975-497C-A851-C130632F47F6}.Release|Any CPU.Build.0 = Release|Any CPU
		{B974F7E9-AB8C-4B07-BB9C-4BD1681DEFEC}.Debug|Any CPU.ActiveCfg = Debug|Any CPU
		{B974F7E9-AB8C-4B07-BB9C-4BD1681DEFEC}.Debug|Any CPU.Build.0 = Debug|Any CPU
		{B974F7E9-AB8C-4B07-BB9C-4BD1681DEFEC}.Release|Any CPU.ActiveCfg = Release|Any CPU
		{B974F7E9-AB8C-4B07-BB9C-4BD1681DEFEC}.Release|Any CPU.Build.0 = Release|Any CPU
		{DDFAC30E-2AA0-411F-9853-9C61EAAB2B6D}.Debug|Any CPU.ActiveCfg = Debug|Any CPU
		{DDFAC30E-2AA0-411F-9853-9C61EAAB2B6D}.Debug|Any CPU.Build.0 = Debug|Any CPU
		{DDFAC30E-2AA0-411F-9853-9C61EAAB2B6D}.Release|Any CPU.ActiveCfg = Release|Any CPU
		{DDFAC30E-2AA0-411F-9853-9C61EAAB2B6D}.Release|Any CPU.Build.0 = Release|Any CPU
		{43FF9F5F-441C-4267-8AF7-352E5D883824}.Debug|Any CPU.ActiveCfg = Debug|Any CPU
		{43FF9F5F-441C-4267-8AF7-352E5D883824}.Debug|Any CPU.Build.0 = Debug|Any CPU
		{43FF9F5F-441C-4267-8AF7-352E5D883824}.Release|Any CPU.ActiveCfg = Release|Any CPU
		{43FF9F5F-441C-4267-8AF7-352E5D883824}.Release|Any CPU.Build.0 = Release|Any CPU
		{458CF068-44AF-4E41-B7B9-8143199AA684}.Debug|Any CPU.ActiveCfg = Debug|Any CPU
		{458CF068-44AF-4E41-B7B9-8143199AA684}.Debug|Any CPU.Build.0 = Debug|Any CPU
		{458CF068-44AF-4E41-B7B9-8143199AA684}.Release|Any CPU.ActiveCfg = Release|Any CPU
		{458CF068-44AF-4E41-B7B9-8143199AA684}.Release|Any CPU.Build.0 = Release|Any CPU
		{8915817C-AAB6-4518-8ECD-F86A997BA697}.Debug|Any CPU.ActiveCfg = Debug|Any CPU
		{8915817C-AAB6-4518-8ECD-F86A997BA697}.Debug|Any CPU.Build.0 = Debug|Any CPU
		{8915817C-AAB6-4518-8ECD-F86A997BA697}.Release|Any CPU.ActiveCfg = Release|Any CPU
		{8915817C-AAB6-4518-8ECD-F86A997BA697}.Release|Any CPU.Build.0 = Release|Any CPU
		{0103D2D2-A3C1-4174-852F-F7053B45D55C}.Debug|Any CPU.ActiveCfg = Debug|Any CPU
		{0103D2D2-A3C1-4174-852F-F7053B45D55C}.Debug|Any CPU.Build.0 = Debug|Any CPU
		{0103D2D2-A3C1-4174-852F-F7053B45D55C}.Release|Any CPU.ActiveCfg = Release|Any CPU
		{0103D2D2-A3C1-4174-852F-F7053B45D55C}.Release|Any CPU.Build.0 = Release|Any CPU
		{AAADDA27-B649-4147-A3A6-6F99C03B7706}.Debug|Any CPU.ActiveCfg = Debug|Any CPU
		{AAADDA27-B649-4147-A3A6-6F99C03B7706}.Debug|Any CPU.Build.0 = Debug|Any CPU
		{AAADDA27-B649-4147-A3A6-6F99C03B7706}.Release|Any CPU.ActiveCfg = Release|Any CPU
		{AAADDA27-B649-4147-A3A6-6F99C03B7706}.Release|Any CPU.Build.0 = Release|Any CPU
		{F8830F59-AC53-47D1-BD77-A147A383C6F0}.Debug|Any CPU.ActiveCfg = Debug|Any CPU
		{F8830F59-AC53-47D1-BD77-A147A383C6F0}.Debug|Any CPU.Build.0 = Debug|Any CPU
		{F8830F59-AC53-47D1-BD77-A147A383C6F0}.Release|Any CPU.ActiveCfg = Release|Any CPU
		{F8830F59-AC53-47D1-BD77-A147A383C6F0}.Release|Any CPU.Build.0 = Release|Any CPU
		{FA777A51-C282-4E44-8C12-B31E1ED5E065}.Debug|Any CPU.ActiveCfg = Debug|Any CPU
		{FA777A51-C282-4E44-8C12-B31E1ED5E065}.Debug|Any CPU.Build.0 = Debug|Any CPU
		{FA777A51-C282-4E44-8C12-B31E1ED5E065}.Release|Any CPU.ActiveCfg = Release|Any CPU
		{FA777A51-C282-4E44-8C12-B31E1ED5E065}.Release|Any CPU.Build.0 = Release|Any CPU
		{5F11EE0E-F987-4F5E-AC9B-262C42DD15F5}.Debug|Any CPU.ActiveCfg = Debug|Any CPU
		{5F11EE0E-F987-4F5E-AC9B-262C42DD15F5}.Debug|Any CPU.Build.0 = Debug|Any CPU
		{5F11EE0E-F987-4F5E-AC9B-262C42DD15F5}.Release|Any CPU.ActiveCfg = Release|Any CPU
		{5F11EE0E-F987-4F5E-AC9B-262C42DD15F5}.Release|Any CPU.Build.0 = Release|Any CPU
		{BCEF181C-48D8-4119-A939-67809E89000A}.Debug|Any CPU.ActiveCfg = Debug|Any CPU
		{BCEF181C-48D8-4119-A939-67809E89000A}.Debug|Any CPU.Build.0 = Debug|Any CPU
		{BCEF181C-48D8-4119-A939-67809E89000A}.Release|Any CPU.ActiveCfg = Release|Any CPU
		{BCEF181C-48D8-4119-A939-67809E89000A}.Release|Any CPU.Build.0 = Release|Any CPU
		{B3677DE2-8123-456D-9C5C-8C3455B3C804}.Debug|Any CPU.ActiveCfg = Debug|Any CPU
		{B3677DE2-8123-456D-9C5C-8C3455B3C804}.Debug|Any CPU.Build.0 = Debug|Any CPU
		{B3677DE2-8123-456D-9C5C-8C3455B3C804}.Release|Any CPU.ActiveCfg = Release|Any CPU
		{B3677DE2-8123-456D-9C5C-8C3455B3C804}.Release|Any CPU.Build.0 = Release|Any CPU
	EndGlobalSection
	GlobalSection(SolutionProperties) = preSolution
		HideSolutionNode = FALSE
	EndGlobalSection
	GlobalSection(NestedProjects) = preSolution
		{0103D2D2-A3C1-4174-852F-F7053B45D55C} = {9571A397-BB57-42E4-89C3-E77384647295}
		{AAADDA27-B649-4147-A3A6-6F99C03B7706} = {9571A397-BB57-42E4-89C3-E77384647295}
		{F8830F59-AC53-47D1-BD77-A147A383C6F0} = {9571A397-BB57-42E4-89C3-E77384647295}
		{FA777A51-C282-4E44-8C12-B31E1ED5E065} = {9571A397-BB57-42E4-89C3-E77384647295}
		{5F11EE0E-F987-4F5E-AC9B-262C42DD15F5} = {9571A397-BB57-42E4-89C3-E77384647295}
		{BCEF181C-48D8-4119-A939-67809E89000A} = {9571A397-BB57-42E4-89C3-E77384647295}
		{B3677DE2-8123-456D-9C5C-8C3455B3C804} = {9571A397-BB57-42E4-89C3-E77384647295}
	EndGlobalSection
	GlobalSection(ExtensibilityGlobals) = postSolution
		SolutionGuid = {8F9968EB-EE92-46F5-898F-73AD9F9B472E}
	EndGlobalSection
EndGlobal
